<?xml version="1.0" encoding="utf-8"?>
<Project ToolsVersion="4.0" xmlns="http://schemas.microsoft.com/developer/msbuild/2003">
  <ItemGroup>
    <Filter Include="ImGui">
      <UniqueIdentifier>{7bef1da0-1aab-4cbd-8d70-b6f2e4cedffc}</UniqueIdentifier>
    </Filter>
    <Filter Include="Turbine Engine">
      <UniqueIdentifier>{4eb20c9f-1bb2-482f-aeb0-d1734be23691}</UniqueIdentifier>
    </Filter>
    <Filter Include="Turbine Engine\Object">
      <UniqueIdentifier>{5224e612-49ca-48ce-af95-98d5286566ba}</UniqueIdentifier>
    </Filter>
    <Filter Include="Turbine Engine\Object\Base">
      <UniqueIdentifier>{6beb9f27-f13b-45dd-9af7-e6d953a23328}</UniqueIdentifier>
    </Filter>
    <Filter Include="Turbine Engine\Scene">
      <UniqueIdentifier>{910c8cae-0265-4157-89be-60eb5ab4be0a}</UniqueIdentifier>
    </Filter>
    <Filter Include="Turbine Engine\Shading">
      <UniqueIdentifier>{16c1f824-4235-4380-9346-3333b583a789}</UniqueIdentifier>
    </Filter>
    <Filter Include="Turbine Engine\Tools">
      <UniqueIdentifier>{d31a2fb4-5cd8-4680-b48a-5710e9689cdc}</UniqueIdentifier>
    </Filter>
    <Filter Include="Turbine Engine\Debug UI">
      <UniqueIdentifier>{6d4fee59-e7bd-44d3-81cb-a07531d54bd8}</UniqueIdentifier>
    </Filter>
    <Filter Include="Turbine Engine\Object\Instancing">
      <UniqueIdentifier>{689bd3c3-d038-4316-a77e-b97113deeba4}</UniqueIdentifier>
    </Filter>
    <Filter Include="Turbine Engine\Shading\Shaders">
      <UniqueIdentifier>{b7d4c5af-134b-4290-8482-c74412ee6e23}</UniqueIdentifier>
    </Filter>
    <Filter Include="Turbine Engine\Scene\Entity">
      <UniqueIdentifier>{c9ba30fc-981b-4bed-b0ef-90e4c71ad952}</UniqueIdentifier>
    </Filter>
    <Filter Include="Turbine Engine\Scene\Animation">
      <UniqueIdentifier>{090218db-62c1-4bcf-8779-fb4cb55a92ea}</UniqueIdentifier>
    </Filter>
    <Filter Include="Turbine Engine\Debug UI\Windows">
      <UniqueIdentifier>{0f1b10d0-6566-49f8-beb0-cf2e9f44d937}</UniqueIdentifier>
    </Filter>
    <Filter Include="Turbine Engine\Debug UI\Objects">
      <UniqueIdentifier>{a8c3fb0b-63c2-463b-a349-dd7879ea10d7}</UniqueIdentifier>
    </Filter>
    <Filter Include="Turbine Engine\Object\Base\Moveable">
      <UniqueIdentifier>{13c2884f-38f2-43e6-b317-acc2d94efa10}</UniqueIdentifier>
    </Filter>
    <Filter Include="Turbine Engine\Object\Base\Moveable\Components">
      <UniqueIdentifier>{0025b35b-ea1f-48d1-9ccb-e72eceb84ba5}</UniqueIdentifier>
    </Filter>
    <Filter Include="Turbine Engine\Object\Base\Data">
      <UniqueIdentifier>{fea044ba-e476-495e-bf07-5d2f2c6df13a}</UniqueIdentifier>
    </Filter>
    <Filter Include="Turbine Engine\Shading\Lights">
      <UniqueIdentifier>{36239749-840d-406f-9170-53e2a493517d}</UniqueIdentifier>
    </Filter>
    <Filter Include="Turbine Engine\Object\Base\Model">
      <UniqueIdentifier>{d7b069d5-bee4-4e0e-a781-07de682a1d6b}</UniqueIdentifier>
    </Filter>
    <Filter Include="Sol3">
      <UniqueIdentifier>{02346028-4caf-4aaf-98a1-58a10e57f4a2}</UniqueIdentifier>
    </Filter>
    <Filter Include="Turbine Engine\Scripting">
      <UniqueIdentifier>{a85d3762-c91a-443b-9955-0e59cb77dca9}</UniqueIdentifier>
    </Filter>
    <Filter Include="Turbine Engine\Object\Base\Message">
      <UniqueIdentifier>{34b7eed0-2ff8-4b0f-9f15-cfaa13c3b17f}</UniqueIdentifier>
    </Filter>
  </ItemGroup>
  <ItemGroup>
    <ClCompile Include="ImGui\imgui_demo.cpp">
      <Filter>ImGui</Filter>
    </ClCompile>
    <ClCompile Include="ImGui\imgui_draw.cpp">
      <Filter>ImGui</Filter>
    </ClCompile>
    <ClCompile Include="ImGui\imgui_impl_glfw.cpp">
      <Filter>ImGui</Filter>
    </ClCompile>
    <ClCompile Include="ImGui\imgui_impl_opengl3.cpp">
      <Filter>ImGui</Filter>
    </ClCompile>
    <ClCompile Include="ImGui\imgui_widgets.cpp">
      <Filter>ImGui</Filter>
    </ClCompile>
    <ClCompile Include="ImGui\imgui.cpp">
      <Filter>ImGui</Filter>
    </ClCompile>
    <ClCompile Include="main.cpp" />
    <ClCompile Include="InstancedObject.cpp">
      <Filter>Turbine Engine\Object\Instancing</Filter>
    </ClCompile>
    <ClCompile Include="Particle.cpp">
      <Filter>Turbine Engine\Object\Instancing</Filter>
    </ClCompile>
    <ClCompile Include="Primitive.cpp">
      <Filter>Turbine Engine\Object</Filter>
    </ClCompile>
    <ClCompile Include="Material.cpp">
      <Filter>Turbine Engine\Object\Base</Filter>
    </ClCompile>
    <ClCompile Include="Scene.cpp">
      <Filter>Turbine Engine\Scene</Filter>
    </ClCompile>
    <ClCompile Include="Texture.cpp">
      <Filter>Turbine Engine\Shading</Filter>
    </ClCompile>
    <ClCompile Include="GLSetup.cpp">
      <Filter>Turbine Engine\Tools</Filter>
    </ClCompile>
    <ClCompile Include="DebugUI.cpp">
      <Filter>Turbine Engine\Debug UI</Filter>
    </ClCompile>
    <ClCompile Include="RenderingContext.cpp">
      <Filter>Turbine Engine\Shading</Filter>
    </ClCompile>
    <ClCompile Include="Shader.cpp">
      <Filter>Turbine Engine\Shading\Shaders</Filter>
    </ClCompile>
    <ClCompile Include="Entity.cpp">
      <Filter>Turbine Engine\Scene\Entity</Filter>
    </ClCompile>
    <ClCompile Include="TranslationStack.cpp">
      <Filter>Turbine Engine\Shading</Filter>
    </ClCompile>
    <ClCompile Include="Animator.cpp">
      <Filter>Turbine Engine\Scene\Animation</Filter>
    </ClCompile>
    <ClCompile Include="RideAnimation.cpp">
      <Filter>Turbine Engine\Scene\Animation</Filter>
    </ClCompile>
    <ClCompile Include="UIPointer.cpp">
      <Filter>Turbine Engine\Debug UI\Objects</Filter>
    </ClCompile>
    <ClCompile Include="WorldUI.cpp">
      <Filter>Turbine Engine\Debug UI\Windows</Filter>
    </ClCompile>
    <ClCompile Include="EntityUI.cpp">
      <Filter>Turbine Engine\Debug UI\Windows</Filter>
    </ClCompile>
    <ClCompile Include="MoveablePoint.cpp">
      <Filter>Turbine Engine\Object\Base\Moveable\Components</Filter>
    </ClCompile>
    <ClCompile Include="MoveableOrientation.cpp">
      <Filter>Turbine Engine\Object\Base\Moveable\Components</Filter>
    </ClCompile>
    <ClCompile Include="Moveable.cpp">
      <Filter>Turbine Engine\Object\Base\Moveable</Filter>
    </ClCompile>
    <ClCompile Include="PointData.cpp">
      <Filter>Turbine Engine\Object\Base\Data</Filter>
    </ClCompile>
    <ClCompile Include="PolygonData.cpp">
      <Filter>Turbine Engine\Object\Base\Data</Filter>
    </ClCompile>
    <ClCompile Include="Light.cpp">
      <Filter>Turbine Engine\Shading\Lights</Filter>
    </ClCompile>
    <ClCompile Include="LightManager.cpp">
      <Filter>Turbine Engine\Shading\Lights</Filter>
    </ClCompile>
    <ClCompile Include="ModelLoader.cpp">
      <Filter>Turbine Engine\Object\Base\Model</Filter>
    </ClCompile>
    <ClCompile Include="Model.cpp">
      <Filter>Turbine Engine\Object\Base\Model</Filter>
    </ClCompile>
    <ClCompile Include="Object3D.cpp">
      <Filter>Turbine Engine\Object</Filter>
    </ClCompile>
    <ClCompile Include="Camera.cpp">
      <Filter>Turbine Engine\Scene</Filter>
    </ClCompile>
    <ClCompile Include="World.cpp">
      <Filter>Turbine Engine\Scene</Filter>
    </ClCompile>
    <ClCompile Include="EntityManager.cpp">
      <Filter>Turbine Engine\Scene\Entity</Filter>
    </ClCompile>
    <ClCompile Include="InstanceData.cpp">
      <Filter>Turbine Engine\Object\Base\Data</Filter>
    </ClCompile>
    <ClCompile Include="Environment.cpp">
      <Filter>Turbine Engine\Scene</Filter>
    </ClCompile>
    <ClCompile Include="ImGui\imgui_ext_TextEditor.cpp">
      <Filter>ImGui</Filter>
    </ClCompile>
    <ClCompile Include="LuaEditorUI.cpp">
      <Filter>Turbine Engine\Debug UI\Windows</Filter>
    </ClCompile>
    <ClCompile Include="ScriptRunner.cpp">
      <Filter>Turbine Engine\Scripting</Filter>
    </ClCompile>
    <ClCompile Include="MessagePump.cpp">
      <Filter>Turbine Engine\Object\Base\Message</Filter>
    </ClCompile>
    <ClCompile Include="TurbineUserTypes.cpp">
      <Filter>Turbine Engine\Scripting</Filter>
    </ClCompile>
    <ClCompile Include="TurbineTextEditor.cpp" />
  </ItemGroup>
  <ItemGroup>
    <ClInclude Include="ImGui\imgui_impl_glfw.h">
      <Filter>ImGui</Filter>
    </ClInclude>
    <ClInclude Include="ImGui\imgui_impl_opengl3.h">
      <Filter>ImGui</Filter>
    </ClInclude>
    <ClInclude Include="ImGui\imgui_internal.h">
      <Filter>ImGui</Filter>
    </ClInclude>
    <ClInclude Include="ImGui\imstb_rectpack.h">
      <Filter>ImGui</Filter>
    </ClInclude>
    <ClInclude Include="ImGui\imstb_textedit.h">
      <Filter>ImGui</Filter>
    </ClInclude>
    <ClInclude Include="ImGui\imstb_truetype.h">
      <Filter>ImGui</Filter>
    </ClInclude>
    <ClInclude Include="ImGui\imconfig.h">
      <Filter>ImGui</Filter>
    </ClInclude>
    <ClInclude Include="ImGui\imgui.h">
      <Filter>ImGui</Filter>
    </ClInclude>
    <ClInclude Include="InstancedObject.h">
      <Filter>Turbine Engine\Object\Instancing</Filter>
    </ClInclude>
    <ClInclude Include="Particle.h">
      <Filter>Turbine Engine\Object\Instancing</Filter>
    </ClInclude>
    <ClInclude Include="Primitive.h">
      <Filter>Turbine Engine\Object</Filter>
    </ClInclude>
    <ClInclude Include="Material.h">
      <Filter>Turbine Engine\Object\Base</Filter>
    </ClInclude>
    <ClInclude Include="Scene.h">
      <Filter>Turbine Engine\Scene</Filter>
    </ClInclude>
    <ClInclude Include="Color.h">
      <Filter>Turbine Engine\Shading</Filter>
    </ClInclude>
    <ClInclude Include="Texture.h">
      <Filter>Turbine Engine\Shading</Filter>
    </ClInclude>
    <ClInclude Include="GLSetup.h">
      <Filter>Turbine Engine\Tools</Filter>
    </ClInclude>
    <ClInclude Include="Matrix.h">
      <Filter>Turbine Engine\Tools</Filter>
    </ClInclude>
    <ClInclude Include="Utils.h">
      <Filter>Turbine Engine\Tools</Filter>
    </ClInclude>
    <ClInclude Include="DebugUI.h">
      <Filter>Turbine Engine\Debug UI</Filter>
    </ClInclude>
    <ClInclude Include="DebugUIContainer.h">
      <Filter>Turbine Engine\Debug UI</Filter>
    </ClInclude>
    <ClInclude Include="RenderingContext.h">
      <Filter>Turbine Engine\Shading</Filter>
    </ClInclude>
    <ClInclude Include="Shader.h">
      <Filter>Turbine Engine\Shading\Shaders</Filter>
    </ClInclude>
    <ClInclude Include="Entity.h">
      <Filter>Turbine Engine\Scene\Entity</Filter>
    </ClInclude>
    <ClInclude Include="TranslationStack.h">
      <Filter>Turbine Engine\Shading</Filter>
    </ClInclude>
    <ClInclude Include="Animator.h">
      <Filter>Turbine Engine\Scene\Animation</Filter>
    </ClInclude>
    <ClInclude Include="RideAnimation.h">
      <Filter>Turbine Engine\Scene\Animation</Filter>
    </ClInclude>
    <ClInclude Include="UIPointer.h">
      <Filter>Turbine Engine\Debug UI\Objects</Filter>
    </ClInclude>
    <ClInclude Include="WorldUI.h">
      <Filter>Turbine Engine\Debug UI\Windows</Filter>
    </ClInclude>
    <ClInclude Include="EntityUI.h">
      <Filter>Turbine Engine\Debug UI\Windows</Filter>
    </ClInclude>
    <ClInclude Include="MoveablePoint.h">
      <Filter>Turbine Engine\Object\Base\Moveable\Components</Filter>
    </ClInclude>
    <ClInclude Include="MoveableOrientation.h">
      <Filter>Turbine Engine\Object\Base\Moveable\Components</Filter>
    </ClInclude>
    <ClInclude Include="Moveable.h">
      <Filter>Turbine Engine\Object\Base\Moveable</Filter>
    </ClInclude>
    <ClInclude Include="PointData.h">
      <Filter>Turbine Engine\Object\Base\Data</Filter>
    </ClInclude>
    <ClInclude Include="PolygonData.h">
      <Filter>Turbine Engine\Object\Base\Data</Filter>
    </ClInclude>
    <ClInclude Include="Light.h">
      <Filter>Turbine Engine\Shading\Lights</Filter>
    </ClInclude>
    <ClInclude Include="LightManager.h">
      <Filter>Turbine Engine\Shading\Lights</Filter>
    </ClInclude>
    <ClInclude Include="ModelLoader.h">
      <Filter>Turbine Engine\Object\Base\Model</Filter>
    </ClInclude>
    <ClInclude Include="Model.h">
      <Filter>Turbine Engine\Object\Base\Model</Filter>
    </ClInclude>
    <ClInclude Include="Object3D.h">
      <Filter>Turbine Engine\Object</Filter>
    </ClInclude>
    <ClInclude Include="Camera.h">
      <Filter>Turbine Engine\Scene</Filter>
    </ClInclude>
    <ClInclude Include="World.h">
      <Filter>Turbine Engine\Scene</Filter>
    </ClInclude>
    <ClInclude Include="EntityManager.h">
      <Filter>Turbine Engine\Scene\Entity</Filter>
    </ClInclude>
    <ClInclude Include="InstanceData.h">
      <Filter>Turbine Engine\Object\Base\Data</Filter>
    </ClInclude>
    <ClInclude Include="Environment.h">
      <Filter>Turbine Engine\Scene</Filter>
    </ClInclude>
    <ClInclude Include="Serialize.h">
      <Filter>Turbine Engine\Tools</Filter>
    </ClInclude>
    <ClInclude Include="Sol2\bind_traits.hpp">
      <Filter>Sol3</Filter>
    </ClInclude>
    <ClInclude Include="Sol2\bytecode.hpp">
      <Filter>Sol3</Filter>
    </ClInclude>
    <ClInclude Include="Sol2\call.hpp">
      <Filter>Sol3</Filter>
    </ClInclude>
    <ClInclude Include="Sol2\compatibility.hpp">
      <Filter>Sol3</Filter>
    </ClInclude>
    <ClInclude Include="Sol2\config.hpp">
      <Filter>Sol3</Filter>
    </ClInclude>
    <ClInclude Include="Sol2\config_setup.hpp">
      <Filter>Sol3</Filter>
    </ClInclude>
    <ClInclude Include="Sol2\coroutine.hpp">
      <Filter>Sol3</Filter>
    </ClInclude>
    <ClInclude Include="Sol2\debug.hpp">
      <Filter>Sol3</Filter>
    </ClInclude>
    <ClInclude Include="Sol2\demangle.hpp">
      <Filter>Sol3</Filter>
    </ClInclude>
    <ClInclude Include="Sol2\deprecate.hpp">
      <Filter>Sol3</Filter>
    </ClInclude>
    <ClInclude Include="Sol2\dump_handler.hpp">
      <Filter>Sol3</Filter>
    </ClInclude>
    <ClInclude Include="Sol2\ebco.hpp">
      <Filter>Sol3</Filter>
    </ClInclude>
    <ClInclude Include="Sol2\environment.hpp">
      <Filter>Sol3</Filter>
    </ClInclude>
    <ClInclude Include="Sol2\error.hpp">
      <Filter>Sol3</Filter>
    </ClInclude>
    <ClInclude Include="Sol2\error_handler.hpp">
      <Filter>Sol3</Filter>
    </ClInclude>
    <ClInclude Include="Sol2\feature_test.hpp">
      <Filter>Sol3</Filter>
    </ClInclude>
    <ClInclude Include="Sol2\forward.hpp">
      <Filter>Sol3</Filter>
    </ClInclude>
    <ClInclude Include="Sol2\forward_detail.hpp">
      <Filter>Sol3</Filter>
    </ClInclude>
    <ClInclude Include="Sol2\function.hpp">
      <Filter>Sol3</Filter>
    </ClInclude>
    <ClInclude Include="Sol2\function_result.hpp">
      <Filter>Sol3</Filter>
    </ClInclude>
    <ClInclude Include="Sol2\function_types.hpp">
      <Filter>Sol3</Filter>
    </ClInclude>
    <ClInclude Include="Sol2\function_types_core.hpp">
      <Filter>Sol3</Filter>
    </ClInclude>
    <ClInclude Include="Sol2\function_types_overloaded.hpp">
      <Filter>Sol3</Filter>
    </ClInclude>
    <ClInclude Include="Sol2\function_types_stateful.hpp">
      <Filter>Sol3</Filter>
    </ClInclude>
    <ClInclude Include="Sol2\function_types_stateless.hpp">
      <Filter>Sol3</Filter>
    </ClInclude>
    <ClInclude Include="Sol2\function_types_templated.hpp">
      <Filter>Sol3</Filter>
    </ClInclude>
    <ClInclude Include="Sol2\in_place.hpp">
      <Filter>Sol3</Filter>
    </ClInclude>
    <ClInclude Include="Sol2\inheritance.hpp">
      <Filter>Sol3</Filter>
    </ClInclude>
    <ClInclude Include="Sol2\load_result.hpp">
      <Filter>Sol3</Filter>
    </ClInclude>
    <ClInclude Include="Sol2\lua_table.hpp">
      <Filter>Sol3</Filter>
    </ClInclude>
    <ClInclude Include="Sol2\lua_value.hpp">
      <Filter>Sol3</Filter>
    </ClInclude>
    <ClInclude Include="Sol2\make_reference.hpp">
      <Filter>Sol3</Filter>
    </ClInclude>
    <ClInclude Include="Sol2\map.hpp">
      <Filter>Sol3</Filter>
    </ClInclude>
    <ClInclude Include="Sol2\metatable.hpp">
      <Filter>Sol3</Filter>
    </ClInclude>
    <ClInclude Include="Sol2\object.hpp">
      <Filter>Sol3</Filter>
    </ClInclude>
    <ClInclude Include="Sol2\object_base.hpp">
      <Filter>Sol3</Filter>
    </ClInclude>
    <ClInclude Include="Sol2\optional.hpp">
      <Filter>Sol3</Filter>
    </ClInclude>
    <ClInclude Include="Sol2\optional_implementation.hpp">
      <Filter>Sol3</Filter>
    </ClInclude>
    <ClInclude Include="Sol2\overload.hpp">
      <Filter>Sol3</Filter>
    </ClInclude>
    <ClInclude Include="Sol2\pointer_like.hpp">
      <Filter>Sol3</Filter>
    </ClInclude>
    <ClInclude Include="Sol2\policies.hpp">
      <Filter>Sol3</Filter>
    </ClInclude>
    <ClInclude Include="Sol2\property.hpp">
      <Filter>Sol3</Filter>
    </ClInclude>
    <ClInclude Include="Sol2\protect.hpp">
      <Filter>Sol3</Filter>
    </ClInclude>
    <ClInclude Include="Sol2\protected_function.hpp">
      <Filter>Sol3</Filter>
    </ClInclude>
    <ClInclude Include="Sol2\protected_function_result.hpp">
      <Filter>Sol3</Filter>
    </ClInclude>
    <ClInclude Include="Sol2\protected_handler.hpp">
      <Filter>Sol3</Filter>
    </ClInclude>
    <ClInclude Include="Sol2\proxy_base.hpp">
      <Filter>Sol3</Filter>
    </ClInclude>
    <ClInclude Include="Sol2\raii.hpp">
      <Filter>Sol3</Filter>
    </ClInclude>
    <ClInclude Include="Sol2\reference.hpp">
      <Filter>Sol3</Filter>
    </ClInclude>
    <ClInclude Include="Sol2\resolve.hpp">
      <Filter>Sol3</Filter>
    </ClInclude>
    <ClInclude Include="Sol2\sol.hpp">
      <Filter>Sol3</Filter>
    </ClInclude>
    <ClInclude Include="Sol2\stack.hpp">
      <Filter>Sol3</Filter>
    </ClInclude>
    <ClInclude Include="Sol2\stack_check.hpp">
      <Filter>Sol3</Filter>
    </ClInclude>
    <ClInclude Include="Sol2\stack_check_get.hpp">
      <Filter>Sol3</Filter>
    </ClInclude>
    <ClInclude Include="Sol2\stack_check_get_qualified.hpp">
      <Filter>Sol3</Filter>
    </ClInclude>
    <ClInclude Include="Sol2\stack_check_get_unqualified.hpp">
      <Filter>Sol3</Filter>
    </ClInclude>
    <ClInclude Include="Sol2\stack_check_qualified.hpp">
      <Filter>Sol3</Filter>
    </ClInclude>
    <ClInclude Include="Sol2\stack_check_unqualified.hpp">
      <Filter>Sol3</Filter>
    </ClInclude>
    <ClInclude Include="Sol2\stack_core.hpp">
      <Filter>Sol3</Filter>
    </ClInclude>
    <ClInclude Include="Sol2\stack_field.hpp">
      <Filter>Sol3</Filter>
    </ClInclude>
    <ClInclude Include="Sol2\stack_get.hpp">
      <Filter>Sol3</Filter>
    </ClInclude>
    <ClInclude Include="Sol2\stack_get_qualified.hpp">
      <Filter>Sol3</Filter>
    </ClInclude>
    <ClInclude Include="Sol2\stack_get_unqualified.hpp">
      <Filter>Sol3</Filter>
    </ClInclude>
    <ClInclude Include="Sol2\stack_guard.hpp">
      <Filter>Sol3</Filter>
    </ClInclude>
    <ClInclude Include="Sol2\stack_iterator.hpp">
      <Filter>Sol3</Filter>
    </ClInclude>
    <ClInclude Include="Sol2\stack_pop.hpp">
      <Filter>Sol3</Filter>
    </ClInclude>
    <ClInclude Include="Sol2\stack_probe.hpp">
      <Filter>Sol3</Filter>
    </ClInclude>
    <ClInclude Include="Sol2\stack_proxy.hpp">
      <Filter>Sol3</Filter>
    </ClInclude>
    <ClInclude Include="Sol2\stack_proxy_base.hpp">
      <Filter>Sol3</Filter>
    </ClInclude>
    <ClInclude Include="Sol2\stack_push.hpp">
      <Filter>Sol3</Filter>
    </ClInclude>
    <ClInclude Include="Sol2\stack_reference.hpp">
      <Filter>Sol3</Filter>
    </ClInclude>
    <ClInclude Include="Sol2\state.hpp">
      <Filter>Sol3</Filter>
    </ClInclude>
    <ClInclude Include="Sol2\state_handling.hpp">
      <Filter>Sol3</Filter>
    </ClInclude>
    <ClInclude Include="Sol2\state_view.hpp">
      <Filter>Sol3</Filter>
    </ClInclude>
    <ClInclude Include="Sol2\string_view.hpp">
      <Filter>Sol3</Filter>
    </ClInclude>
    <ClInclude Include="Sol2\table.hpp">
      <Filter>Sol3</Filter>
    </ClInclude>
    <ClInclude Include="Sol2\table_core.hpp">
      <Filter>Sol3</Filter>
    </ClInclude>
    <ClInclude Include="Sol2\table_iterator.hpp">
      <Filter>Sol3</Filter>
    </ClInclude>
    <ClInclude Include="Sol2\table_proxy.hpp">
      <Filter>Sol3</Filter>
    </ClInclude>
    <ClInclude Include="Sol2\thread.hpp">
      <Filter>Sol3</Filter>
    </ClInclude>
    <ClInclude Include="Sol2\tie.hpp">
      <Filter>Sol3</Filter>
    </ClInclude>
    <ClInclude Include="Sol2\traits.hpp">
      <Filter>Sol3</Filter>
    </ClInclude>
    <ClInclude Include="Sol2\trampoline.hpp">
      <Filter>Sol3</Filter>
    </ClInclude>
    <ClInclude Include="Sol2\tuple.hpp">
      <Filter>Sol3</Filter>
    </ClInclude>
    <ClInclude Include="Sol2\types.hpp">
      <Filter>Sol3</Filter>
    </ClInclude>
    <ClInclude Include="Sol2\unicode.hpp">
      <Filter>Sol3</Filter>
    </ClInclude>
    <ClInclude Include="Sol2\unique_usertype_traits.hpp">
      <Filter>Sol3</Filter>
    </ClInclude>
    <ClInclude Include="Sol2\unsafe_function.hpp">
      <Filter>Sol3</Filter>
    </ClInclude>
    <ClInclude Include="Sol2\unsafe_function_result.hpp">
      <Filter>Sol3</Filter>
    </ClInclude>
    <ClInclude Include="Sol2\userdata.hpp">
      <Filter>Sol3</Filter>
    </ClInclude>
    <ClInclude Include="Sol2\usertype.hpp">
      <Filter>Sol3</Filter>
    </ClInclude>
    <ClInclude Include="Sol2\usertype_container.hpp">
      <Filter>Sol3</Filter>
    </ClInclude>
    <ClInclude Include="Sol2\usertype_container_launch.hpp">
      <Filter>Sol3</Filter>
    </ClInclude>
    <ClInclude Include="Sol2\usertype_core.hpp">
      <Filter>Sol3</Filter>
    </ClInclude>
    <ClInclude Include="Sol2\usertype_proxy.hpp">
      <Filter>Sol3</Filter>
    </ClInclude>
    <ClInclude Include="Sol2\usertype_storage.hpp">
      <Filter>Sol3</Filter>
    </ClInclude>
    <ClInclude Include="Sol2\usertype_traits.hpp">
      <Filter>Sol3</Filter>
    </ClInclude>
    <ClInclude Include="Sol2\variadic_args.hpp">
      <Filter>Sol3</Filter>
    </ClInclude>
    <ClInclude Include="Sol2\variadic_results.hpp">
      <Filter>Sol3</Filter>
    </ClInclude>
    <ClInclude Include="Sol2\wrapper.hpp">
      <Filter>Sol3</Filter>
    </ClInclude>
    <ClInclude Include="Sol2\compatibility\compat-5.3.c.h">
      <Filter>Sol3</Filter>
    </ClInclude>
    <ClInclude Include="Sol2\compatibility\compat-5.3.h">
      <Filter>Sol3</Filter>
    </ClInclude>
    <ClInclude Include="Sol2\compatibility\compat-5.4.h">
      <Filter>Sol3</Filter>
    </ClInclude>
    <ClInclude Include="Sol2\compatibility\version.hpp">
      <Filter>Sol3</Filter>
    </ClInclude>
    <ClInclude Include="Sol2\as_args.hpp">
      <Filter>Sol3</Filter>
    </ClInclude>
    <ClInclude Include="Sol2\as_returns.hpp">
      <Filter>Sol3</Filter>
    </ClInclude>
    <ClInclude Include="Sol2\base_traits.hpp">
      <Filter>Sol3</Filter>
    </ClInclude>
    <ClInclude Include="ImGui\imgui_ext_TextEditor.h">
      <Filter>ImGui</Filter>
    </ClInclude>
    <ClInclude Include="LuaEditorUI.h">
      <Filter>Turbine Engine\Debug UI\Windows</Filter>
    </ClInclude>
    <ClInclude Include="LuaSol3.h">
      <Filter>Turbine Engine\Scripting</Filter>
    </ClInclude>
    <ClInclude Include="ScriptRunner.h">
      <Filter>Turbine Engine\Scripting</Filter>
    </ClInclude>
    <ClInclude Include="MessagePump.h">
      <Filter>Turbine Engine\Object\Base\Message</Filter>
    </ClInclude>
    <ClInclude Include="TurbineUserTypes.h">
      <Filter>Turbine Engine\Scripting</Filter>
    </ClInclude>
    <ClInclude Include="TurbineTextEditor.h" />
  </ItemGroup>
  <ItemGroup>
    <None Include="ImGui\imgui.ini">
      <Filter>ImGui</Filter>
    </None>
    <None Include="Turbine_Objects.md">
      <Filter>Turbine Engine\Object</Filter>
    </None>
    <None Include="..\..\README.md" />
    <None Include="Turbine_DebugUI.md">
      <Filter>Turbine Engine\Debug UI</Filter>
    </None>
    <None Include="SmoothLight.vert">
      <Filter>Turbine Engine\Shading\Shaders</Filter>
    </None>
    <None Include="SmoothLight.frag">
      <Filter>Turbine Engine\Shading\Shaders</Filter>
    </None>
    <None Include="SmoothFog.frag">
      <Filter>Turbine Engine\Shading\Shaders</Filter>
    </None>
    <None Include="SmoothFog.vert">
      <Filter>Turbine Engine\Shading\Shaders</Filter>
    </None>
    <None Include="packages.config" />
  </ItemGroup>
  <ItemGroup>
    <Text Include="shader.frag">
      <Filter>Turbine Engine\Shading\Shaders</Filter>
    </Text>
    <Text Include="shader.vert">
      <Filter>Turbine Engine\Shading\Shaders</Filter>
    </Text>
  </ItemGroup>
</Project>