<?xml version="1.0" encoding="utf-8"?>
<Project ToolsVersion="4.0" xmlns="http://schemas.microsoft.com/developer/msbuild/2003">
  <ItemGroup>
    <ClCompile Include="Camera.cpp">
      <Filter>Scene</Filter>
    </ClCompile>
    <ClCompile Include="Scene.cpp">
      <Filter>Scene</Filter>
    </ClCompile>
    <ClCompile Include="Primitive.cpp">
      <Filter>Object</Filter>
    </ClCompile>
    <ClCompile Include="Animator.cpp">
      <Filter>Scene</Filter>
    </ClCompile>
    <ClCompile Include="Light.cpp">
      <Filter>Shading</Filter>
    </ClCompile>
    <ClCompile Include="Texture.cpp">
      <Filter>Shading</Filter>
    </ClCompile>
    <ClCompile Include="Particle.cpp">
      <Filter>Instancing</Filter>
    </ClCompile>
    <ClCompile Include="InstancedObject.cpp">
      <Filter>Instancing</Filter>
    </ClCompile>
    <ClCompile Include="Model3D.cpp">
      <Filter>Object\Base</Filter>
    </ClCompile>
    <ClCompile Include="Moveable.cpp">
      <Filter>Object\Base</Filter>
    </ClCompile>
    <ClCompile Include="Object3D.cpp">
      <Filter>Object</Filter>
    </ClCompile>
    <ClCompile Include="Material.cpp">
      <Filter>Object\Base</Filter>
    </ClCompile>
    <ClCompile Include="RideAnimation.cpp">
      <Filter>Scene</Filter>
    </ClCompile>
    <ClCompile Include="main.cpp" />
    <ClCompile Include="imgui_impl_opengl3.cpp">
      <Filter>Tools\ImGui\OpenGL and GLEW</Filter>
    </ClCompile>
    <ClCompile Include="imgui.cpp">
      <Filter>Tools\ImGui\Include files</Filter>
    </ClCompile>
    <ClCompile Include="imgui_demo.cpp">
      <Filter>Tools\ImGui\Include files</Filter>
    </ClCompile>
    <ClCompile Include="imgui_draw.cpp">
      <Filter>Tools\ImGui\Include files</Filter>
    </ClCompile>
    <ClCompile Include="imgui_widgets.cpp">
      <Filter>Tools\ImGui\Include files</Filter>
    </ClCompile>
    <ClCompile Include="GLSetup.cpp">
      <Filter>Tools</Filter>
    </ClCompile>
    <ClCompile Include="imgui_setup.cpp">
      <Filter>Tools\ImGui</Filter>
    </ClCompile>
    <ClCompile Include="imgui_impl_glfw.cpp">
      <Filter>Tools\ImGui\OpenGL and GLEW</Filter>
    </ClCompile>
  </ItemGroup>
  <ItemGroup>
    <ClInclude Include="RenderingContext.h">
      <Filter>Tools</Filter>
    </ClInclude>
    <ClInclude Include="Camera.h">
      <Filter>Scene</Filter>
    </ClInclude>
    <ClInclude Include="Scene.h">
      <Filter>Scene</Filter>
    </ClInclude>
    <ClInclude Include="Primitive.h">
      <Filter>Object</Filter>
    </ClInclude>
    <ClInclude Include="Animator.h">
      <Filter>Scene</Filter>
    </ClInclude>
    <ClInclude Include="Light.h">
      <Filter>Shading</Filter>
    </ClInclude>
    <ClInclude Include="Texture.h">
      <Filter>Shading</Filter>
    </ClInclude>
    <ClInclude Include="Particle.h">
      <Filter>Instancing</Filter>
    </ClInclude>
    <ClInclude Include="InstancedObject.h">
      <Filter>Instancing</Filter>
    </ClInclude>
    <ClInclude Include="Model3D.h">
      <Filter>Object\Base</Filter>
    </ClInclude>
    <ClInclude Include="Moveable.h">
      <Filter>Object\Base</Filter>
    </ClInclude>
    <ClInclude Include="Object3D.h">
      <Filter>Object</Filter>
    </ClInclude>
    <ClInclude Include="Material.h">
      <Filter>Object\Base</Filter>
    </ClInclude>
    <ClInclude Include="Utils.h">
      <Filter>Tools</Filter>
    </ClInclude>
    <ClInclude Include="RideAnimation.h">
      <Filter>Scene</Filter>
    </ClInclude>
    <ClInclude Include="Color.h">
      <Filter>Shading</Filter>
    </ClInclude>
    <ClInclude Include="Matrix.h">
      <Filter>Tools</Filter>
    </ClInclude>
    <ClInclude Include="imgui_impl_opengl3.h">
      <Filter>Tools\ImGui\OpenGL and GLEW</Filter>
    </ClInclude>
    <ClInclude Include="imconfig.h">
      <Filter>Tools\ImGui\Include files</Filter>
    </ClInclude>
    <ClInclude Include="imgui.h">
      <Filter>Tools\ImGui\Include files</Filter>
    </ClInclude>
    <ClInclude Include="imgui_internal.h">
      <Filter>Tools\ImGui\Include files</Filter>
    </ClInclude>
    <ClInclude Include="imstb_rectpack.h">
      <Filter>Tools\ImGui\Include files</Filter>
    </ClInclude>
    <ClInclude Include="imstb_textedit.h">
      <Filter>Tools\ImGui\Include files</Filter>
    </ClInclude>
    <ClInclude Include="imstb_truetype.h">
      <Filter>Tools\ImGui\Include files</Filter>
    </ClInclude>
    <ClInclude Include="GLSetup.h">
      <Filter>Tools</Filter>
    </ClInclude>
    <ClInclude Include="imgui_setup.h">
      <Filter>Tools\ImGui</Filter>
    </ClInclude>
    <ClInclude Include="imgui_impl_glfw.h">
      <Filter>Tools\ImGui\OpenGL and GLEW</Filter>
    </ClInclude>
  </ItemGroup>
  <ItemGroup>
    <Text Include="vertshader.txt">
      <Filter>Shading</Filter>
    </Text>
    <Text Include="fragshader.txt">
      <Filter>Shading</Filter>
    </Text>
  </ItemGroup>
  <ItemGroup>
    <Filter Include="Object">
      <UniqueIdentifier>{287ea044-1429-49a4-a77b-6e50028008c9}</UniqueIdentifier>
    </Filter>
    <Filter Include="Scene">
      <UniqueIdentifier>{9199b1ef-6ffa-4166-9fc1-6728eb2d09b4}</UniqueIdentifier>
    </Filter>
    <Filter Include="Shading">
      <UniqueIdentifier>{51ff0292-3cf8-4393-8997-60680d2bc240}</UniqueIdentifier>
    </Filter>
    <Filter Include="Instancing">
      <UniqueIdentifier>{9b7d0a74-7a84-41a8-bac8-dc38fda3ab38}</UniqueIdentifier>
    </Filter>
    <Filter Include="Object\Base">
      <UniqueIdentifier>{901fb3a6-c4f2-457d-be9f-60d9341837a5}</UniqueIdentifier>
    </Filter>
    <Filter Include="Tools">
      <UniqueIdentifier>{70a82410-67a1-426b-bfef-86362c3c54e2}</UniqueIdentifier>
    </Filter>
    <Filter Include="Tools\ImGui">
      <UniqueIdentifier>{03a6f0b4-8b1e-4167-a1ba-4b140034e9d4}</UniqueIdentifier>
    </Filter>
    <Filter Include="Tools\ImGui\OpenGL and GLEW">
      <UniqueIdentifier>{a04e5229-dcc7-495d-9424-9bc4d4b7a2d2}</UniqueIdentifier>
    </Filter>
    <Filter Include="Tools\ImGui\Include files">
      <UniqueIdentifier>{deb87a39-b384-4efa-9465-19ac7b5e02b0}</UniqueIdentifier>
    </Filter>
  </ItemGroup>
  <ItemGroup>
    <None Include="packages.config" />
    <None Include="Turbine_Objects.md">
      <Filter>Object</Filter>
    </None>
  </ItemGroup>
</Project>